
Microsoft Visual Studio Solution File, Format Version 12.00
# Visual Studio 15
VisualStudioVersion = 15.0.26730.15
MinimumVisualStudioVersion = 10.0.40219.1
Project("{FAE04EC0-301F-11D3-BF4B-00C04F79EFBC}") = "Mod1_Lab1", "Mod1_Lab1\Mod1_Lab1.csproj", "{6CE9C679-F835-4A11-8BB1-7B92CE215E5E}"
EndProject
Global
	GlobalSection(SolutionConfigurationPlatforms) = preSolution
		Debug|Any CPU = Debug|Any CPU
		Release|Any CPU = Release|Any CPU
	EndGlobalSection
	GlobalSection(ProjectConfigurationPlatforms) = postSolution
		{6CE9C679-F835-4A11-8BB1-7B92CE215E5E}.Debug|Any CPU.ActiveCfg = Debug|Any CPU
		{6CE9C679-F835-4A11-8BB1-7B92CE215E5E}.Debug|Any CPU.Build.0 = Debug|Any CPU
		{6CE9C679-F835-4A11-8BB1-7B92CE215E5E}.Release|Any CPU.ActiveCfg = Release|Any CPU
		{6CE9C679-F835-4A11-8BB1-7B92CE215E5E}.Release|Any CPU.Build.0 = Release|Any CPU
	EndGlobalSection
	GlobalSection(SolutionProperties) = preSolution
		HideSolutionNode = FALSE
	EndGlobalSection
	GlobalSection(ExtensibilityGlobals) = postSolution
		SolutionGuid = {A70CA19F-BAB8-46EB-A3F1-AA324E40F107}
	EndGlobalSection
EndGlobal
